// !$*UTF8*$!
{
	archiveVersion = 1;
	classes = {
	};
	objectVersion = 56;
	objects = {

/* Begin PBXBuildFile section */
		C3333DFC2D204A600039C745 /* eterationCaseeApp.swift in Sources */ = {isa = PBXBuildFile; fileRef = C3333DFB2D204A600039C745 /* eterationCaseeApp.swift */; };
		C3333DFE2D204A600039C745 /* ContentView.swift in Sources */ = {isa = PBXBuildFile; fileRef = C3333DFD2D204A600039C745 /* ContentView.swift */; };
		C3333E002D204A620039C745 /* Assets.xcassets in Resources */ = {isa = PBXBuildFile; fileRef = C3333DFF2D204A620039C745 /* Assets.xcassets */; };
		C3333E032D204A620039C745 /* Preview Assets.xcassets in Resources */ = {isa = PBXBuildFile; fileRef = C3333E022D204A620039C745 /* Preview Assets.xcassets */; };
		C3333E052D204A620039C745 /* Persistence.swift in Sources */ = {isa = PBXBuildFile; fileRef = C3333E042D204A620039C745 /* Persistence.swift */; };
		C3333E082D204A620039C745 /* eterationCasee.xcdatamodeld in Sources */ = {isa = PBXBuildFile; fileRef = C3333E062D204A620039C745 /* eterationCasee.xcdatamodeld */; };
		C3333E1B2D204AAC0039C745 /* CartItem.swift in Sources */ = {isa = PBXBuildFile; fileRef = C3333E0E2D204AAB0039C745 /* CartItem.swift */; };
		C3333E1C2D204AAC0039C745 /* Product.swift in Sources */ = {isa = PBXBuildFile; fileRef = C3333E0F2D204AAB0039C745 /* Product.swift */; };
		C3333E1D2D204AAC0039C745 /* CartView.swift in Sources */ = {isa = PBXBuildFile; fileRef = C3333E112D204AAB0039C745 /* CartView.swift */; };
		C3333E1E2D204AAC0039C745 /* ProductDetailView.swift in Sources */ = {isa = PBXBuildFile; fileRef = C3333E122D204AAB0039C745 /* ProductDetailView.swift */; };
		C3333E1F2D204AAC0039C745 /* ProductListView.swift in Sources */ = {isa = PBXBuildFile; fileRef = C3333E132D204AAB0039C745 /* ProductListView.swift */; };
		C3333E202D204AAC0039C745 /* NetworkManager.swift in Sources */ = {isa = PBXBuildFile; fileRef = C3333E152D204AAC0039C745 /* NetworkManager.swift */; };
		C3333E212D204AAC0039C745 /* CartViewModel.swift in Sources */ = {isa = PBXBuildFile; fileRef = C3333E172D204AAC0039C745 /* CartViewModel.swift */; };
		C3333E222D204AAC0039C745 /* ProductDetailViewModel.swift in Sources */ = {isa = PBXBuildFile; fileRef = C3333E182D204AAC0039C745 /* ProductDetailViewModel.swift */; };
		C3333E232D204AAC0039C745 /* ProductListViewModel.swift in Sources */ = {isa = PBXBuildFile; fileRef = C3333E192D204AAC0039C745 /* ProductListViewModel.swift */; };
		C3333E252D204F0C0039C745 /* FavoritesView.swift in Sources */ = {isa = PBXBuildFile; fileRef = C3333E242D204F0C0039C745 /* FavoritesView.swift */; };
		C3333E272D204F230039C745 /* FavoritesViewModel.swift in Sources */ = {isa = PBXBuildFile; fileRef = C3333E262D204F230039C745 /* FavoritesViewModel.swift */; };
		C3333E2A2D20505B0039C745 /* ProductCardViewModel.swift in Sources */ = {isa = PBXBuildFile; fileRef = C3333E292D20505B0039C745 /* ProductCardViewModel.swift */; };
		C3333E2C2D20506F0039C745 /* ProductCardView.swift in Sources */ = {isa = PBXBuildFile; fileRef = C3333E2B2D20506F0039C745 /* ProductCardView.swift */; };
		C3333E2E2D20587C0039C745 /* SearchBar.swift in Sources */ = {isa = PBXBuildFile; fileRef = C3333E2D2D20587C0039C745 /* SearchBar.swift */; };
		C3333E302D216C5B0039C745 /* ProfileView.swift in Sources */ = {isa = PBXBuildFile; fileRef = C3333E2F2D216C5B0039C745 /* ProfileView.swift */; };
/* End PBXBuildFile section */

/* Begin PBXFileReference section */
		C3333DF82D204A600039C745 /* eterationCasee.app */ = {isa = PBXFileReference; explicitFileType = wrapper.application; includeInIndex = 0; path = eterationCasee.app; sourceTree = BUILT_PRODUCTS_DIR; };
		C3333DFB2D204A600039C745 /* eterationCaseeApp.swift */ = {isa = PBXFileReference; lastKnownFileType = sourcecode.swift; path = eterationCaseeApp.swift; sourceTree = "<group>"; };
		C3333DFD2D204A600039C745 /* ContentView.swift */ = {isa = PBXFileReference; lastKnownFileType = sourcecode.swift; path = ContentView.swift; sourceTree = "<group>"; };
		C3333DFF2D204A620039C745 /* Assets.xcassets */ = {isa = PBXFileReference; lastKnownFileType = folder.assetcatalog; path = Assets.xcassets; sourceTree = "<group>"; };
		C3333E022D204A620039C745 /* Preview Assets.xcassets */ = {isa = PBXFileReference; lastKnownFileType = folder.assetcatalog; path = "Preview Assets.xcassets"; sourceTree = "<group>"; };
		C3333E042D204A620039C745 /* Persistence.swift */ = {isa = PBXFileReference; lastKnownFileType = sourcecode.swift; path = Persistence.swift; sourceTree = "<group>"; };
		C3333E072D204A620039C745 /* eterationCasee.xcdatamodel */ = {isa = PBXFileReference; lastKnownFileType = wrapper.xcdatamodel; path = eterationCasee.xcdatamodel; sourceTree = "<group>"; };
		C3333E0E2D204AAB0039C745 /* CartItem.swift */ = {isa = PBXFileReference; fileEncoding = 4; lastKnownFileType = sourcecode.swift; path = CartItem.swift; sourceTree = "<group>"; };
		C3333E0F2D204AAB0039C745 /* Product.swift */ = {isa = PBXFileReference; fileEncoding = 4; lastKnownFileType = sourcecode.swift; path = Product.swift; sourceTree = "<group>"; };
		C3333E112D204AAB0039C745 /* CartView.swift */ = {isa = PBXFileReference; fileEncoding = 4; lastKnownFileType = sourcecode.swift; path = CartView.swift; sourceTree = "<group>"; };
		C3333E122D204AAB0039C745 /* ProductDetailView.swift */ = {isa = PBXFileReference; fileEncoding = 4; lastKnownFileType = sourcecode.swift; path = ProductDetailView.swift; sourceTree = "<group>"; };
		C3333E132D204AAB0039C745 /* ProductListView.swift */ = {isa = PBXFileReference; fileEncoding = 4; lastKnownFileType = sourcecode.swift; path = ProductListView.swift; sourceTree = "<group>"; };
		C3333E152D204AAC0039C745 /* NetworkManager.swift */ = {isa = PBXFileReference; fileEncoding = 4; lastKnownFileType = sourcecode.swift; path = NetworkManager.swift; sourceTree = "<group>"; };
		C3333E172D204AAC0039C745 /* CartViewModel.swift */ = {isa = PBXFileReference; fileEncoding = 4; lastKnownFileType = sourcecode.swift; path = CartViewModel.swift; sourceTree = "<group>"; };
		C3333E182D204AAC0039C745 /* ProductDetailViewModel.swift */ = {isa = PBXFileReference; fileEncoding = 4; lastKnownFileType = sourcecode.swift; path = ProductDetailViewModel.swift; sourceTree = "<group>"; };
		C3333E192D204AAC0039C745 /* ProductListViewModel.swift */ = {isa = PBXFileReference; fileEncoding = 4; lastKnownFileType = sourcecode.swift; path = ProductListViewModel.swift; sourceTree = "<group>"; };
		C3333E242D204F0C0039C745 /* FavoritesView.swift */ = {isa = PBXFileReference; lastKnownFileType = sourcecode.swift; path = FavoritesView.swift; sourceTree = "<group>"; };
		C3333E262D204F230039C745 /* FavoritesViewModel.swift */ = {isa = PBXFileReference; lastKnownFileType = sourcecode.swift; path = FavoritesViewModel.swift; sourceTree = "<group>"; };
		C3333E292D20505B0039C745 /* ProductCardViewModel.swift */ = {isa = PBXFileReference; lastKnownFileType = sourcecode.swift; path = ProductCardViewModel.swift; sourceTree = "<group>"; };
		C3333E2B2D20506F0039C745 /* ProductCardView.swift */ = {isa = PBXFileReference; lastKnownFileType = sourcecode.swift; path = ProductCardView.swift; sourceTree = "<group>"; };
		C3333E2D2D20587C0039C745 /* SearchBar.swift */ = {isa = PBXFileReference; lastKnownFileType = sourcecode.swift; path = SearchBar.swift; sourceTree = "<group>"; };
		C3333E2F2D216C5B0039C745 /* ProfileView.swift */ = {isa = PBXFileReference; lastKnownFileType = sourcecode.swift; path = ProfileView.swift; sourceTree = "<group>"; };
/* End PBXFileReference section */

/* Begin PBXFrameworksBuildPhase section */
		C3333DF52D204A600039C745 /* Frameworks */ = {
			isa = PBXFrameworksBuildPhase;
			buildActionMask = 2147483647;
			files = (
			);
			runOnlyForDeploymentPostprocessing = 0;
		};
/* End PBXFrameworksBuildPhase section */

/* Begin PBXGroup section */
		C3333DEF2D204A600039C745 = {
			isa = PBXGroup;
			children = (
				C3333DFA2D204A600039C745 /* eterationCasee */,
				C3333DF92D204A600039C745 /* Products */,
			);
			sourceTree = "<group>";
		};
		C3333DF92D204A600039C745 /* Products */ = {
			isa = PBXGroup;
			children = (
				C3333DF82D204A600039C745 /* eterationCasee.app */,
			);
			name = Products;
			sourceTree = "<group>";
		};
		C3333DFA2D204A600039C745 /* eterationCasee */ = {
			isa = PBXGroup;
			children = (
				C3333DFB2D204A600039C745 /* eterationCaseeApp.swift */,
				C3333E102D204AAB0039C745 /* Model */,
				C3333E162D204AAC0039C745 /* Network */,
				C3333E142D204AAB0039C745 /* View */,
				C3333E1A2D204AAC0039C745 /* ViewModel */,
				C3333DFD2D204A600039C745 /* ContentView.swift */,
				C3333DFF2D204A620039C745 /* Assets.xcassets */,
				C3333E042D204A620039C745 /* Persistence.swift */,
				C3333E062D204A620039C745 /* eterationCasee.xcdatamodeld */,
				C3333E012D204A620039C745 /* Preview Content */,
			);
			path = eterationCasee;
			sourceTree = "<group>";
		};
		C3333E012D204A620039C745 /* Preview Content */ = {
			isa = PBXGroup;
			children = (
				C3333E022D204A620039C745 /* Preview Assets.xcassets */,
			);
			path = "Preview Content";
			sourceTree = "<group>";
		};
		C3333E102D204AAB0039C745 /* Model */ = {
			isa = PBXGroup;
			children = (
				C3333E0E2D204AAB0039C745 /* CartItem.swift */,
				C3333E0F2D204AAB0039C745 /* Product.swift */,
			);
			path = Model;
			sourceTree = "<group>";
		};
		C3333E142D204AAB0039C745 /* View */ = {
			isa = PBXGroup;
			children = (
				C3333E112D204AAB0039C745 /* CartView.swift */,
				C3333E122D204AAB0039C745 /* ProductDetailView.swift */,
				C3333E132D204AAB0039C745 /* ProductListView.swift */,
				C3333E242D204F0C0039C745 /* FavoritesView.swift */,
				C3333E2B2D20506F0039C745 /* ProductCardView.swift */,
				C3333E2D2D20587C0039C745 /* SearchBar.swift */,
				C3333E2F2D216C5B0039C745 /* ProfileView.swift */,
			);
			path = View;
			sourceTree = "<group>";
		};
		C3333E162D204AAC0039C745 /* Network */ = {
			isa = PBXGroup;
			children = (
				C3333E152D204AAC0039C745 /* NetworkManager.swift */,
			);
			path = Network;
			sourceTree = "<group>";
		};
		C3333E1A2D204AAC0039C745 /* ViewModel */ = {
			isa = PBXGroup;
			children = (
				C3333E172D204AAC0039C745 /* CartViewModel.swift */,
				C3333E182D204AAC0039C745 /* ProductDetailViewModel.swift */,
				C3333E192D204AAC0039C745 /* ProductListViewModel.swift */,
				C3333E262D204F230039C745 /* FavoritesViewModel.swift */,
				C3333E292D20505B0039C745 /* ProductCardViewModel.swift */,
			);
			path = ViewModel;
			sourceTree = "<group>";
		};
/* End PBXGroup section */

/* Begin PBXNativeTarget section */
		C3333DF72D204A600039C745 /* eterationCasee */ = {
			isa = PBXNativeTarget;
			buildConfigurationList = C3333E0B2D204A620039C745 /* Build configuration list for PBXNativeTarget "eterationCasee" */;
			buildPhases = (
				C3333DF42D204A600039C745 /* Sources */,
				C3333DF52D204A600039C745 /* Frameworks */,
				C3333DF62D204A600039C745 /* Resources */,
			);
			buildRules = (
			);
			dependencies = (
			);
			name = eterationCasee;
			productName = eterationCasee;
			productReference = C3333DF82D204A600039C745 /* eterationCasee.app */;
			productType = "com.apple.product-type.application";
		};
/* End PBXNativeTarget section */

/* Begin PBXProject section */
		C3333DF02D204A600039C745 /* Project object */ = {
			isa = PBXProject;
			attributes = {
				BuildIndependentTargetsInParallel = 1;
				LastSwiftUpdateCheck = 1540;
				LastUpgradeCheck = 1540;
				TargetAttributes = {
					C3333DF72D204A600039C745 = {
						CreatedOnToolsVersion = 15.4;
					};
				};
			};
			buildConfigurationList = C3333DF32D204A600039C745 /* Build configuration list for PBXProject "eterationCasee" */;
			compatibilityVersion = "Xcode 14.0";
			developmentRegion = en;
			hasScannedForEncodings = 0;
			knownRegions = (
				en,
				Base,
			);
			mainGroup = C3333DEF2D204A600039C745;
			productRefGroup = C3333DF92D204A600039C745 /* Products */;
			projectDirPath = "";
			projectRoot = "";
			targets = (
				C3333DF72D204A600039C745 /* eterationCasee */,
			);
		};
/* End PBXProject section */

/* Begin PBXResourcesBuildPhase section */
		C3333DF62D204A600039C745 /* Resources */ = {
			isa = PBXResourcesBuildPhase;
			buildActionMask = 2147483647;
			files = (
				C3333E032D204A620039C745 /* Preview Assets.xcassets in Resources */,
				C3333E002D204A620039C745 /* Assets.xcassets in Resources */,
			);
			runOnlyForDeploymentPostprocessing = 0;
		};
/* End PBXResourcesBuildPhase section */

/* Begin PBXSourcesBuildPhase section */
		C3333DF42D204A600039C745 /* Sources */ = {
			isa = PBXSourcesBuildPhase;
			buildActionMask = 2147483647;
			files = (
				C3333E272D204F230039C745 /* FavoritesViewModel.swift in Sources */,
				C3333E052D204A620039C745 /* Persistence.swift in Sources */,
				C3333E1E2D204AAC0039C745 /* ProductDetailView.swift in Sources */,
				C3333E202D204AAC0039C745 /* NetworkManager.swift in Sources */,
				C3333E1D2D204AAC0039C745 /* CartView.swift in Sources */,
				C3333E2E2D20587C0039C745 /* SearchBar.swift in Sources */,
				C3333E252D204F0C0039C745 /* FavoritesView.swift in Sources */,
				C3333DFE2D204A600039C745 /* ContentView.swift in Sources */,
				C3333DFC2D204A600039C745 /* eterationCaseeApp.swift in Sources */,
				C3333E2C2D20506F0039C745 /* ProductCardView.swift in Sources */,
				C3333E1B2D204AAC0039C745 /* CartItem.swift in Sources */,
				C3333E232D204AAC0039C745 /* ProductListViewModel.swift in Sources */,
				C3333E1F2D204AAC0039C745 /* ProductListView.swift in Sources */,
				C3333E082D204A620039C745 /* eterationCasee.xcdatamodeld in Sources */,
				C3333E2A2D20505B0039C745 /* ProductCardViewModel.swift in Sources */,
				C3333E1C2D204AAC0039C745 /* Product.swift in Sources */,
				C3333E302D216C5B0039C745 /* ProfileView.swift in Sources */,
				C3333E212D204AAC0039C745 /* CartViewModel.swift in Sources */,
				C3333E222D204AAC0039C745 /* ProductDetailViewModel.swift in Sources */,
			);
			runOnlyForDeploymentPostprocessing = 0;
		};
/* End PBXSourcesBuildPhase section */

/* Begin XCBuildConfiguration section */
		C3333E092D204A620039C745 /* Debug */ = {
			isa = XCBuildConfiguration;
			buildSettings = {
				ALWAYS_SEARCH_USER_PATHS = NO;
				ASSETCATALOG_COMPILER_GENERATE_SWIFT_ASSET_SYMBOL_EXTENSIONS = YES;
				CLANG_ANALYZER_NONNULL = YES;
				CLANG_ANALYZER_NUMBER_OBJECT_CONVERSION = YES_AGGRESSIVE;
				CLANG_CXX_LANGUAGE_STANDARD = "gnu++20";
				CLANG_ENABLE_MODULES = YES;
				CLANG_ENABLE_OBJC_ARC = YES;
				CLANG_ENABLE_OBJC_WEAK = YES;
				CLANG_WARN_BLOCK_CAPTURE_AUTORELEASING = YES;
				CLANG_WARN_BOOL_CONVERSION = YES;
				CLANG_WARN_COMMA = YES;
				CLANG_WARN_CONSTANT_CONVERSION = YES;
				CLANG_WARN_DEPRECATED_OBJC_IMPLEMENTATIONS = YES;
				CLANG_WARN_DIRECT_OBJC_ISA_USAGE = YES_ERROR;
				CLANG_WARN_DOCUMENTATION_COMMENTS = YES;
				CLANG_WARN_EMPTY_BODY = YES;
				CLANG_WARN_ENUM_CONVERSION = YES;
				CLANG_WARN_INFINITE_RECURSION = YES;
				CLANG_WARN_INT_CONVERSION = YES;
				CLANG_WARN_NON_LITERAL_NULL_CONVERSION = YES;
				CLANG_WARN_OBJC_IMPLICIT_RETAIN_SELF = YES;
				CLANG_WARN_OBJC_LITERAL_CONVERSION = YES;
				CLANG_WARN_OBJC_ROOT_CLASS = YES_ERROR;
				CLANG_WARN_QUOTED_INCLUDE_IN_FRAMEWORK_HEADER = YES;
				CLANG_WARN_RANGE_LOOP_ANALYSIS = YES;
				CLANG_WARN_STRICT_PROTOTYPES = YES;
				CLANG_WARN_SUSPICIOUS_MOVE = YES;
				CLANG_WARN_UNGUARDED_AVAILABILITY = YES_AGGRESSIVE;
				CLANG_WARN_UNREACHABLE_CODE = YES;
				CLANG_WARN__DUPLICATE_METHOD_MATCH = YES;
				COPY_PHASE_STRIP = NO;
				DEBUG_INFORMATION_FORMAT = dwarf;
				ENABLE_STRICT_OBJC_MSGSEND = YES;
				ENABLE_TESTABILITY = YES;
				ENABLE_USER_SCRIPT_SANDBOXING = YES;
				GCC_C_LANGUAGE_STANDARD = gnu17;
				GCC_DYNAMIC_NO_PIC = NO;
				GCC_NO_COMMON_BLOCKS = YES;
				GCC_OPTIMIZATION_LEVEL = 0;
				GCC_PREPROCESSOR_DEFINITIONS = (
					"DEBUG=1",
					"$(inherited)",
				);
				GCC_WARN_64_TO_32_BIT_CONVERSION = YES;
				GCC_WARN_ABOUT_RETURN_TYPE = YES_ERROR;
				GCC_WARN_UNDECLARED_SELECTOR = YES;
				GCC_WARN_UNINITIALIZED_AUTOS = YES_AGGRESSIVE;
				GCC_WARN_UNUSED_FUNCTION = YES;
				GCC_WARN_UNUSED_VARIABLE = YES;
				IPHONEOS_DEPLOYMENT_TARGET = 17.5;
				LOCALIZATION_PREFERS_STRING_CATALOGS = YES;
				MTL_ENABLE_DEBUG_INFO = INCLUDE_SOURCE;
				MTL_FAST_MATH = YES;
				ONLY_ACTIVE_ARCH = YES;
				SDKROOT = iphoneos;
				SWIFT_ACTIVE_COMPILATION_CONDITIONS = "DEBUG $(inherited)";
				SWIFT_OPTIMIZATION_LEVEL = "-Onone";
			};
			name = Debug;
		};
		C3333E0A2D204A620039C745 /* Release */ = {
			isa = XCBuildConfiguration;
			buildSettings = {
				ALWAYS_SEARCH_USER_PATHS = NO;
				ASSETCATALOG_COMPILER_GENERATE_SWIFT_ASSET_SYMBOL_EXTENSIONS = YES;
				CLANG_ANALYZER_NONNULL = YES;
				CLANG_ANALYZER_NUMBER_OBJECT_CONVERSION = YES_AGGRESSIVE;
				CLANG_CXX_LANGUAGE_STANDARD = "gnu++20";
				CLANG_ENABLE_MODULES = YES;
				CLANG_ENABLE_OBJC_ARC = YES;
				CLANG_ENABLE_OBJC_WEAK = YES;
				CLANG_WARN_BLOCK_CAPTURE_AUTORELEASING = YES;
				CLANG_WARN_BOOL_CONVERSION = YES;
				CLANG_WARN_COMMA = YES;
				CLANG_WARN_CONSTANT_CONVERSION = YES;
				CLANG_WARN_DEPRECATED_OBJC_IMPLEMENTATIONS = YES;
				CLANG_WARN_DIRECT_OBJC_ISA_USAGE = YES_ERROR;
				CLANG_WARN_DOCUMENTATION_COMMENTS = YES;
				CLANG_WARN_EMPTY_BODY = YES;
				CLANG_WARN_ENUM_CONVERSION = YES;
				CLANG_WARN_INFINITE_RECURSION = YES;
				CLANG_WARN_INT_CONVERSION = YES;
				CLANG_WARN_NON_LITERAL_NULL_CONVERSION = YES;
				CLANG_WARN_OBJC_IMPLICIT_RETAIN_SELF = YES;
				CLANG_WARN_OBJC_LITERAL_CONVERSION = YES;
				CLANG_WARN_OBJC_ROOT_CLASS = YES_ERROR;
				CLANG_WARN_QUOTED_INCLUDE_IN_FRAMEWORK_HEADER = YES;
				CLANG_WARN_RANGE_LOOP_ANALYSIS = YES;
				CLANG_WARN_STRICT_PROTOTYPES = YES;
				CLANG_WARN_SUSPICIOUS_MOVE = YES;
				CLANG_WARN_UNGUARDED_AVAILABILITY = YES_AGGRESSIVE;
				CLANG_WARN_UNREACHABLE_CODE = YES;
				CLANG_WARN__DUPLICATE_METHOD_MATCH = YES;
				COPY_PHASE_STRIP = NO;
				DEBUG_INFORMATION_FORMAT = "dwarf-with-dsym";
				ENABLE_NS_ASSERTIONS = NO;
				ENABLE_STRICT_OBJC_MSGSEND = YES;
				ENABLE_USER_SCRIPT_SANDBOXING = YES;
				GCC_C_LANGUAGE_STANDARD = gnu17;
				GCC_NO_COMMON_BLOCKS = YES;
				GCC_WARN_64_TO_32_BIT_CONVERSION = YES;
				GCC_WARN_ABOUT_RETURN_TYPE = YES_ERROR;
				GCC_WARN_UNDECLARED_SELECTOR = YES;
				GCC_WARN_UNINITIALIZED_AUTOS = YES_AGGRESSIVE;
				GCC_WARN_UNUSED_FUNCTION = YES;
				GCC_WARN_UNUSED_VARIABLE = YES;
				IPHONEOS_DEPLOYMENT_TARGET = 17.5;
				LOCALIZATION_PREFERS_STRING_CATALOGS = YES;
				MTL_ENABLE_DEBUG_INFO = NO;
				MTL_FAST_MATH = YES;
				SDKROOT = iphoneos;
				SWIFT_COMPILATION_MODE = wholemodule;
				VALIDATE_PRODUCT = YES;
			};
			name = Release;
		};
		C3333E0C2D204A620039C745 /* Debug */ = {
			isa = XCBuildConfiguration;
			buildSettings = {
				ASSETCATALOG_COMPILER_APPICON_NAME = AppIcon;
				ASSETCATALOG_COMPILER_GLOBAL_ACCENT_COLOR_NAME = AccentColor;
				CODE_SIGN_STYLE = Automatic;
				CURRENT_PROJECT_VERSION = 1;
				DEVELOPMENT_ASSET_PATHS = "\"eterationCasee/Preview Content\"";
				DEVELOPMENT_TEAM = FG635GJB7G;
				ENABLE_PREVIEWS = YES;
				GENERATE_INFOPLIST_FILE = YES;
				INFOPLIST_KEY_UIApplicationSceneManifest_Generation = YES;
				INFOPLIST_KEY_UIApplicationSupportsIndirectInputEvents = YES;
				INFOPLIST_KEY_UILaunchScreen_Generation = YES;
				INFOPLIST_KEY_UISupportedInterfaceOrientations_iPad = "UIInterfaceOrientationPortrait UIInterfaceOrientationPortraitUpsideDown UIInterfaceOrientationLandscapeLeft UIInterfaceOrientationLandscapeRight";
				INFOPLIST_KEY_UISupportedInterfaceOrientations_iPhone = "UIInterfaceOrientationPortrait UIInterfaceOrientationLandscapeLeft UIInterfaceOrientationLandscapeRight";
				LD_RUNPATH_SEARCH_PATHS = (
					"$(inherited)",
					"@executable_path/Frameworks",
				);
				MARKETING_VERSION = 1.0;
				PRODUCT_BUNDLE_IDENTIFIER = com.hsefak.eterationCasee;
				PRODUCT_NAME = "$(TARGET_NAME)";
				SWIFT_EMIT_LOC_STRINGS = YES;
				SWIFT_VERSION = 5.0;
				TARGETED_DEVICE_FAMILY = "1,2";
			};
			name = Debug;
		};
		C3333E0D2D204A620039C745 /* Release */ = {
			isa = XCBuildConfiguration;
			buildSettings = {
				ASSETCATALOG_COMPILER_APPICON_NAME = AppIcon;
				ASSETCATALOG_COMPILER_GLOBAL_ACCENT_COLOR_NAME = AccentColor;
				CODE_SIGN_STYLE = Automatic;
				CURRENT_PROJECT_VERSION = 1;
				DEVELOPMENT_ASSET_PATHS = "\"eterationCasee/Preview Content\"";
				DEVELOPMENT_TEAM = FG635GJB7G;
				ENABLE_PREVIEWS = YES;
				GENERATE_INFOPLIST_FILE = YES;
				INFOPLIST_KEY_UIApplicationSceneManifest_Generation = YES;
				INFOPLIST_KEY_UIApplicationSupportsIndirectInputEvents = YES;
				INFOPLIST_KEY_UILaunchScreen_Generation = YES;
				INFOPLIST_KEY_UISupportedInterfaceOrientations_iPad = "UIInterfaceOrientationPortrait UIInterfaceOrientationPortraitUpsideDown UIInterfaceOrientationLandscapeLeft UIInterfaceOrientationLandscapeRight";
				INFOPLIST_KEY_UISupportedInterfaceOrientations_iPhone = "UIInterfaceOrientationPortrait UIInterfaceOrientationLandscapeLeft UIInterfaceOrientationLandscapeRight";
				LD_RUNPATH_SEARCH_PATHS = (
					"$(inherited)",
					"@executable_path/Frameworks",
				);
				MARKETING_VERSION = 1.0;
				PRODUCT_BUNDLE_IDENTIFIER = com.hsefak.eterationCasee;
				PRODUCT_NAME = "$(TARGET_NAME)";
				SWIFT_EMIT_LOC_STRINGS = YES;
				SWIFT_VERSION = 5.0;
				TARGETED_DEVICE_FAMILY = "1,2";
			};
			name = Release;
		};
/* End XCBuildConfiguration section */

/* Begin XCConfigurationList section */
		C3333DF32D204A600039C745 /* Build configuration list for PBXProject "eterationCasee" */ = {
			isa = XCConfigurationList;
			buildConfigurations = (
				C3333E092D204A620039C745 /* Debug */,
				C3333E0A2D204A620039C745 /* Release */,
			);
			defaultConfigurationIsVisible = 0;
			defaultConfigurationName = Release;
		};
		C3333E0B2D204A620039C745 /* Build configuration list for PBXNativeTarget "eterationCasee" */ = {
			isa = XCConfigurationList;
			buildConfigurations = (
				C3333E0C2D204A620039C745 /* Debug */,
				C3333E0D2D204A620039C745 /* Release */,
			);
			defaultConfigurationIsVisible = 0;
			defaultConfigurationName = Release;
		};
/* End XCConfigurationList section */

/* Begin XCVersionGroup section */
		C3333E062D204A620039C745 /* eterationCasee.xcdatamodeld */ = {
			isa = XCVersionGroup;
			children = (
				C3333E072D204A620039C745 /* eterationCasee.xcdatamodel */,
			);
			currentVersion = C3333E072D204A620039C745 /* eterationCasee.xcdatamodel */;
			path = eterationCasee.xcdatamodeld;
			sourceTree = "<group>";
			versionGroupType = wrapper.xcdatamodel;
		};
/* End XCVersionGroup section */
	};
	rootObject = C3333DF02D204A600039C745 /* Project object */;
}
